
Microsoft Visual Studio Solution File, Format Version 12.00
# Visual Studio 2013
VisualStudioVersion = 12.0.21005.1
MinimumVisualStudioVersion = 10.0.40219.1
Project("{FAE04EC0-301F-11D3-BF4B-00C04F79EFBC}") = "ACI-318-14_RCBEAM_CODECHECK", "ACI-318-14_RCBEAM_CODECHECK\ACI-318-14_RCBEAM_CODECHECK.csproj", "{ECC32B9B-4C0B-4A4D-848E-35E1D220E57A}"
EndProject
Project("{FAE04EC0-301F-11D3-BF4B-00C04F79EFBC}") = "DLLTestForm", "DLLTestForm\DLLTestForm.csproj", "{CB837987-A975-4019-83BB-6AF82DD373BB}"
EndProject
Global
	GlobalSection(SolutionConfigurationPlatforms) = preSolution
		Debug|Any CPU = Debug|Any CPU
		Release|Any CPU = Release|Any CPU
	EndGlobalSection
	GlobalSection(ProjectConfigurationPlatforms) = postSolution
		{ECC32B9B-4C0B-4A4D-848E-35E1D220E57A}.Debug|Any CPU.ActiveCfg = Debug|Any CPU
		{ECC32B9B-4C0B-4A4D-848E-35E1D220E57A}.Debug|Any CPU.Build.0 = Debug|Any CPU
		{ECC32B9B-4C0B-4A4D-848E-35E1D220E57A}.Release|Any CPU.ActiveCfg = Release|Any CPU
		{ECC32B9B-4C0B-4A4D-848E-35E1D220E57A}.Release|Any CPU.Build.0 = Release|Any CPU
		{CB837987-A975-4019-83BB-6AF82DD373BB}.Debug|Any CPU.ActiveCfg = Debug|Any CPU
		{CB837987-A975-4019-83BB-6AF82DD373BB}.Debug|Any CPU.Build.0 = Debug|Any CPU
		{CB837987-A975-4019-83BB-6AF82DD373BB}.Release|Any CPU.ActiveCfg = Release|Any CPU
		{CB837987-A975-4019-83BB-6AF82DD373BB}.Release|Any CPU.Build.0 = Release|Any CPU
	EndGlobalSection
	GlobalSection(SolutionProperties) = preSolution
		HideSolutionNode = FALSE
	EndGlobalSection
EndGlobal
